
Microsoft Visual Studio Solution File, Format Version 12.00
# Visual Studio 15
VisualStudioVersion = 15.0.28307.779
MinimumVisualStudioVersion = 10.0.40219.1
Project("{8BC9CEB8-8B4A-11D0-8D11-00A0C91BC942}") = "DGSW_bank", "DGSW_bank\DGSW_bank.vcxproj", "{EA698DF6-8F37-4A11-9D49-4CBC9CCB4BEA}"
EndProject
Global
	GlobalSection(SolutionConfigurationPlatforms) = preSolution
		Debug|x64 = Debug|x64
		Debug|x86 = Debug|x86
		Release|x64 = Release|x64
		Release|x86 = Release|x86
	EndGlobalSection
	GlobalSection(ProjectConfigurationPlatforms) = postSolution
		{EA698DF6-8F37-4A11-9D49-4CBC9CCB4BEA}.Debug|x64.ActiveCfg = Debug|x64
		{EA698DF6-8F37-4A11-9D49-4CBC9CCB4BEA}.Debug|x64.Build.0 = Debug|x64
		{EA698DF6-8F37-4A11-9D49-4CBC9CCB4BEA}.Debug|x86.ActiveCfg = Debug|Win32
		{EA698DF6-8F37-4A11-9D49-4CBC9CCB4BEA}.Debug|x86.Build.0 = Debug|Win32
		{EA698DF6-8F37-4A11-9D49-4CBC9CCB4BEA}.Release|x64.ActiveCfg = Release|x64
		{EA698DF6-8F37-4A11-9D49-4CBC9CCB4BEA}.Release|x64.Build.0 = Release|x64
		{EA698DF6-8F37-4A11-9D49-4CBC9CCB4BEA}.Release|x86.ActiveCfg = Release|Win32
		{EA698DF6-8F37-4A11-9D49-4CBC9CCB4BEA}.Release|x86.Build.0 = Release|Win32
	EndGlobalSection
	GlobalSection(SolutionProperties) = preSolution
		HideSolutionNode = FALSE
	EndGlobalSection
	GlobalSection(ExtensibilityGlobals) = postSolution
		SolutionGuid = {24726B08-EFD4-4909-B458-CDF176B3A290}
	EndGlobalSection
EndGlobal
